
Microsoft Visual Studio Solution File, Format Version 12.00
# Visual Studio 14
VisualStudioVersion = 14.0.25123.0
MinimumVisualStudioVersion = 10.0.40219.1
Project("{FAE04EC0-301F-11D3-BF4B-00C04F79EFBC}") = "LibreriaClasesPoi", "LibreriaClasesPoi\LibreriaClasesPoi.csproj", "{9004CCCC-5C91-41A9-B5F1-E6E176F40C73}"
EndProject
Project("{FAE04EC0-301F-11D3-BF4B-00C04F79EFBC}") = "GoogleApi", "C:\Users\Ezequiel\Desktop\Programming\GoogleApi-master\GoogleApi\GoogleApi.csproj", "{61E9FC82-47B0-43C3-8749-95D3A9967060}"
EndProject
Project("{FAE04EC0-301F-11D3-BF4B-00C04F79EFBC}") = "Consola", "Consola\Consola.csproj", "{5E63776B-4098-4AAC-B082-6AC8720A7ACF}"
EndProject
Project("{FAE04EC0-301F-11D3-BF4B-00C04F79EFBC}") = "Repositorio", "Repositorio\Repositorio.csproj", "{5B09D534-2D22-40E8-A09F-7DEDFFD3E296}"
EndProject
Project("{FAE04EC0-301F-11D3-BF4B-00C04F79EFBC}") = "OrigenesDeDatos", "OrigenesDeDatos\OrigenesDeDatos.csproj", "{9B6F1FEE-B454-467E-A5E1-DCFBF9BC7119}"
EndProject
Project("{FAE04EC0-301F-11D3-BF4B-00C04F79EFBC}") = "FuenteDeDatos", "FuenteDeDatos\FuenteDeDatos.csproj", "{BEF03D31-D549-4E5C-8BFD-A708F6C12F20}"
EndProject
Project("{FAE04EC0-301F-11D3-BF4B-00C04F79EFBC}") = "Adapters", "Adapters\Adapters.csproj", "{C8578B28-9434-4BAF-AF5C-B390599CCF81}"
EndProject
Project("{FAE04EC0-301F-11D3-BF4B-00C04F79EFBC}") = "TestLibreríaPoi", "TestLibreríaPoi\TestLibreríaPoi.csproj", "{2B5E8178-9F6C-4ED2-A9A9-DE1D56A6DEE4}"
EndProject
Project("{FAE04EC0-301F-11D3-BF4B-00C04F79EFBC}") = "TestBuscador", "TestBuscador\TestBuscador.csproj", "{1A9B2811-5D4D-4574-A46E-23C3017E9BEE}"
EndProject
Project("{FAE04EC0-301F-11D3-BF4B-00C04F79EFBC}") = "TestPoiDao", "TestPoiDao\TestPoiDao.csproj", "{F20F25AF-964C-4A79-9534-3E99AB87852B}"
EndProject
Global
	GlobalSection(SolutionConfigurationPlatforms) = preSolution
		Debug|Any CPU = Debug|Any CPU
		Release|Any CPU = Release|Any CPU
	EndGlobalSection
	GlobalSection(ProjectConfigurationPlatforms) = postSolution
		{9004CCCC-5C91-41A9-B5F1-E6E176F40C73}.Debug|Any CPU.ActiveCfg = Debug|Any CPU
		{9004CCCC-5C91-41A9-B5F1-E6E176F40C73}.Debug|Any CPU.Build.0 = Debug|Any CPU
		{9004CCCC-5C91-41A9-B5F1-E6E176F40C73}.Release|Any CPU.ActiveCfg = Release|Any CPU
		{9004CCCC-5C91-41A9-B5F1-E6E176F40C73}.Release|Any CPU.Build.0 = Release|Any CPU
		{61E9FC82-47B0-43C3-8749-95D3A9967060}.Debug|Any CPU.ActiveCfg = Debug|Any CPU
		{61E9FC82-47B0-43C3-8749-95D3A9967060}.Debug|Any CPU.Build.0 = Debug|Any CPU
		{61E9FC82-47B0-43C3-8749-95D3A9967060}.Release|Any CPU.ActiveCfg = Release|Any CPU
		{61E9FC82-47B0-43C3-8749-95D3A9967060}.Release|Any CPU.Build.0 = Release|Any CPU
		{5E63776B-4098-4AAC-B082-6AC8720A7ACF}.Debug|Any CPU.ActiveCfg = Debug|Any CPU
		{5E63776B-4098-4AAC-B082-6AC8720A7ACF}.Debug|Any CPU.Build.0 = Debug|Any CPU
		{5E63776B-4098-4AAC-B082-6AC8720A7ACF}.Release|Any CPU.ActiveCfg = Release|Any CPU
		{5E63776B-4098-4AAC-B082-6AC8720A7ACF}.Release|Any CPU.Build.0 = Release|Any CPU
		{5B09D534-2D22-40E8-A09F-7DEDFFD3E296}.Debug|Any CPU.ActiveCfg = Debug|Any CPU
		{5B09D534-2D22-40E8-A09F-7DEDFFD3E296}.Debug|Any CPU.Build.0 = Debug|Any CPU
		{5B09D534-2D22-40E8-A09F-7DEDFFD3E296}.Release|Any CPU.ActiveCfg = Release|Any CPU
		{5B09D534-2D22-40E8-A09F-7DEDFFD3E296}.Release|Any CPU.Build.0 = Release|Any CPU
		{9B6F1FEE-B454-467E-A5E1-DCFBF9BC7119}.Debug|Any CPU.ActiveCfg = Debug|Any CPU
		{9B6F1FEE-B454-467E-A5E1-DCFBF9BC7119}.Debug|Any CPU.Build.0 = Debug|Any CPU
		{9B6F1FEE-B454-467E-A5E1-DCFBF9BC7119}.Release|Any CPU.ActiveCfg = Release|Any CPU
		{9B6F1FEE-B454-467E-A5E1-DCFBF9BC7119}.Release|Any CPU.Build.0 = Release|Any CPU
		{BEF03D31-D549-4E5C-8BFD-A708F6C12F20}.Debug|Any CPU.ActiveCfg = Debug|Any CPU
		{BEF03D31-D549-4E5C-8BFD-A708F6C12F20}.Debug|Any CPU.Build.0 = Debug|Any CPU
		{BEF03D31-D549-4E5C-8BFD-A708F6C12F20}.Release|Any CPU.ActiveCfg = Release|Any CPU
		{BEF03D31-D549-4E5C-8BFD-A708F6C12F20}.Release|Any CPU.Build.0 = Release|Any CPU
		{C8578B28-9434-4BAF-AF5C-B390599CCF81}.Debug|Any CPU.ActiveCfg = Debug|Any CPU
		{C8578B28-9434-4BAF-AF5C-B390599CCF81}.Debug|Any CPU.Build.0 = Debug|Any CPU
		{C8578B28-9434-4BAF-AF5C-B390599CCF81}.Release|Any CPU.ActiveCfg = Release|Any CPU
		{C8578B28-9434-4BAF-AF5C-B390599CCF81}.Release|Any CPU.Build.0 = Release|Any CPU
		{2B5E8178-9F6C-4ED2-A9A9-DE1D56A6DEE4}.Debug|Any CPU.ActiveCfg = Debug|Any CPU
		{2B5E8178-9F6C-4ED2-A9A9-DE1D56A6DEE4}.Debug|Any CPU.Build.0 = Debug|Any CPU
		{2B5E8178-9F6C-4ED2-A9A9-DE1D56A6DEE4}.Release|Any CPU.ActiveCfg = Release|Any CPU
		{2B5E8178-9F6C-4ED2-A9A9-DE1D56A6DEE4}.Release|Any CPU.Build.0 = Release|Any CPU
		{1A9B2811-5D4D-4574-A46E-23C3017E9BEE}.Debug|Any CPU.ActiveCfg = Debug|Any CPU
		{1A9B2811-5D4D-4574-A46E-23C3017E9BEE}.Debug|Any CPU.Build.0 = Debug|Any CPU
		{1A9B2811-5D4D-4574-A46E-23C3017E9BEE}.Release|Any CPU.ActiveCfg = Release|Any CPU
		{1A9B2811-5D4D-4574-A46E-23C3017E9BEE}.Release|Any CPU.Build.0 = Release|Any CPU
		{F20F25AF-964C-4A79-9534-3E99AB87852B}.Debug|Any CPU.ActiveCfg = Debug|Any CPU
		{F20F25AF-964C-4A79-9534-3E99AB87852B}.Debug|Any CPU.Build.0 = Debug|Any CPU
		{F20F25AF-964C-4A79-9534-3E99AB87852B}.Release|Any CPU.ActiveCfg = Release|Any CPU
		{F20F25AF-964C-4A79-9534-3E99AB87852B}.Release|Any CPU.Build.0 = Release|Any CPU
	EndGlobalSection
	GlobalSection(SolutionProperties) = preSolution
		HideSolutionNode = FALSE
	EndGlobalSection
EndGlobal
