
Microsoft Visual Studio Solution File, Format Version 12.00
# Visual Studio 14
VisualStudioVersion = 14.0.25420.1
MinimumVisualStudioVersion = 10.0.40219.1
Project("{FAE04EC0-301F-11D3-BF4B-00C04F79EFBC}") = "LibreriaClasesPoi", "LibreriaClasesPoi\LibreriaClasesPoi.csproj", "{9004CCCC-5C91-41A9-B5F1-E6E176F40C73}"
EndProject
Project("{FAE04EC0-301F-11D3-BF4B-00C04F79EFBC}") = "Consola", "Consola\Consola.csproj", "{5E63776B-4098-4AAC-B082-6AC8720A7ACF}"
EndProject
Project("{FAE04EC0-301F-11D3-BF4B-00C04F79EFBC}") = "RepositorioYbuscador", "Repositorio\RepositorioYbuscador.csproj", "{5B09D534-2D22-40E8-A09F-7DEDFFD3E296}"
EndProject
Project("{FAE04EC0-301F-11D3-BF4B-00C04F79EFBC}") = "OrigenesDeDatos", "OrigenesDeDatos\OrigenesDeDatos.csproj", "{9B6F1FEE-B454-467E-A5E1-DCFBF9BC7119}"
EndProject
Project("{FAE04EC0-301F-11D3-BF4B-00C04F79EFBC}") = "FuenteDeDatos", "FuenteDeDatos\FuenteDeDatos.csproj", "{BEF03D31-D549-4E5C-8BFD-A708F6C12F20}"
EndProject
Project("{FAE04EC0-301F-11D3-BF4B-00C04F79EFBC}") = "Adapters", "Adapters\Adapters.csproj", "{C8578B28-9434-4BAF-AF5C-B390599CCF81}"
EndProject
Project("{FAE04EC0-301F-11D3-BF4B-00C04F79EFBC}") = "TestLibreríaPoi", "TestLibreríaPoi\TestLibreríaPoi.csproj", "{2B5E8178-9F6C-4ED2-A9A9-DE1D56A6DEE4}"
EndProject
Project("{FAE04EC0-301F-11D3-BF4B-00C04F79EFBC}") = "TestBuscador", "TestBuscador\TestBuscador.csproj", "{1A9B2811-5D4D-4574-A46E-23C3017E9BEE}"
EndProject
Project("{FAE04EC0-301F-11D3-BF4B-00C04F79EFBC}") = "TestPoiDao", "TestPoiDao\TestPoiDao.csproj", "{F20F25AF-964C-4A79-9534-3E99AB87852B}"
EndProject
Project("{FAE04EC0-301F-11D3-BF4B-00C04F79EFBC}") = "TestRepositorio", "TestRepositorio\TestRepositorio.csproj", "{1090BFCE-9E0A-426A-8BD3-5BF561B94317}"
EndProject
Project("{FAE04EC0-301F-11D3-BF4B-00C04F79EFBC}") = "TestOrigenLocal", "TestOrigenLocal\TestOrigenLocal.csproj", "{F7F00435-8DA1-4289-A365-8A95166C8BDE}"
EndProject
Project("{FAE04EC0-301F-11D3-BF4B-00C04F79EFBC}") = "TestTerminalConsola", "TestTerminalConsola\TestTerminalConsola.csproj", "{652885D6-32EB-48EC-A35D-C435115B9BAE}"
EndProject
Project("{FAE04EC0-301F-11D3-BF4B-00C04F79EFBC}") = "GoogleApi", "GoogleApi\GoogleApi.csproj", "{61E9FC82-47B0-43C3-8749-95D3A9967060}"
EndProject
Project("{FAE04EC0-301F-11D3-BF4B-00C04F79EFBC}") = "UssersGestion", "UssersGestion\UssersGestion.csproj", "{357F6FB7-9913-4C60-AFAA-602149DC2239}"
EndProject
Project("{FAE04EC0-301F-11D3-BF4B-00C04F79EFBC}") = "Usuarios", "Usuarios\Usuarios.csproj", "{D0360FB9-421F-43C9-ABC7-A2E39140419E}"
EndProject
Project("{FAE04EC0-301F-11D3-BF4B-00C04F79EFBC}") = "AlmacenadorBusquedas", "AlmacenadorDeBusquedas\AlmacenadorBusquedas.csproj", "{B9106923-859B-4CE0-A5DC-ABFCDF7EADC5}"
EndProject
Project("{FAE04EC0-301F-11D3-BF4B-00C04F79EFBC}") = "Procesos", "Procesos\Procesos.csproj", "{147DFAD4-C578-4281-941D-DFA7851365CE}"
EndProject
Project("{FAE04EC0-301F-11D3-BF4B-00C04F79EFBC}") = "TestUsuario", "TestUsuario\TestUsuario.csproj", "{169CF5F0-0DF4-4233-B655-FAFBCFF38930}"
EndProject
Project("{FAE04EC0-301F-11D3-BF4B-00C04F79EFBC}") = "CoordenadaGeografica", "CoordenadaGeografica\CoordenadaGeografica.csproj", "{188F9533-3661-4E87-B199-71622A9F8D0B}"
EndProject
Project("{2150E333-8FDC-42A3-9474-1A3956D46DE8}") = "Test", "Test", "{BCC60AEF-BB05-48D8-8EC0-18CEDD61B14F}"
EndProject
Project("{2150E333-8FDC-42A3-9474-1A3956D46DE8}") = "Class", "Class", "{54D3B153-5FF2-4F13-975C-5A933FF471DE}"
EndProject
Project("{2150E333-8FDC-42A3-9474-1A3956D46DE8}") = "Poi", "Poi", "{A5FFFDE7-20D1-43D6-AF00-086A9FE2103D}"
EndProject
Project("{2150E333-8FDC-42A3-9474-1A3956D46DE8}") = "Coordenada", "Coordenada", "{F2E62D5D-D113-462D-9D20-4BAB4C6A7E37}"
EndProject
Project("{2150E333-8FDC-42A3-9474-1A3956D46DE8}") = "Terminal", "Terminal", "{11F9DDFF-7D04-428A-BB1D-E3950180120E}"
EndProject
Project("{2150E333-8FDC-42A3-9474-1A3956D46DE8}") = "Usuario", "Usuario", "{E1F88079-27FB-4748-8A48-631B867C006C}"
EndProject
Project("{2150E333-8FDC-42A3-9474-1A3956D46DE8}") = "DatosPoi", "DatosPoi", "{88B7CE56-8A51-475D-AAA2-3FAE8763E8C0}"
EndProject
Project("{2150E333-8FDC-42A3-9474-1A3956D46DE8}") = "Adapter", "Adapter", "{ADBDF795-4736-4D75-A45E-75F1FF7A421E}"
EndProject
Project("{2150E333-8FDC-42A3-9474-1A3956D46DE8}") = "Process", "Process", "{EA5BBB10-42D6-4DD6-9BBF-32FC7F250783}"
EndProject
Global
	GlobalSection(SolutionConfigurationPlatforms) = preSolution
		Debug|Any CPU = Debug|Any CPU
		Debug|x86 = Debug|x86
		Release|Any CPU = Release|Any CPU
		Release|x86 = Release|x86
	EndGlobalSection
	GlobalSection(ProjectConfigurationPlatforms) = postSolution
		{9004CCCC-5C91-41A9-B5F1-E6E176F40C73}.Debug|Any CPU.ActiveCfg = Debug|Any CPU
		{9004CCCC-5C91-41A9-B5F1-E6E176F40C73}.Debug|Any CPU.Build.0 = Debug|Any CPU
		{9004CCCC-5C91-41A9-B5F1-E6E176F40C73}.Debug|x86.ActiveCfg = Debug|Any CPU
		{9004CCCC-5C91-41A9-B5F1-E6E176F40C73}.Debug|x86.Build.0 = Debug|Any CPU
		{9004CCCC-5C91-41A9-B5F1-E6E176F40C73}.Release|Any CPU.ActiveCfg = Release|Any CPU
		{9004CCCC-5C91-41A9-B5F1-E6E176F40C73}.Release|Any CPU.Build.0 = Release|Any CPU
		{9004CCCC-5C91-41A9-B5F1-E6E176F40C73}.Release|x86.ActiveCfg = Release|Any CPU
		{9004CCCC-5C91-41A9-B5F1-E6E176F40C73}.Release|x86.Build.0 = Release|Any CPU
		{5E63776B-4098-4AAC-B082-6AC8720A7ACF}.Debug|Any CPU.ActiveCfg = Debug|Any CPU
		{5E63776B-4098-4AAC-B082-6AC8720A7ACF}.Debug|Any CPU.Build.0 = Debug|Any CPU
		{5E63776B-4098-4AAC-B082-6AC8720A7ACF}.Debug|x86.ActiveCfg = Debug|Any CPU
		{5E63776B-4098-4AAC-B082-6AC8720A7ACF}.Debug|x86.Build.0 = Debug|Any CPU
		{5E63776B-4098-4AAC-B082-6AC8720A7ACF}.Release|Any CPU.ActiveCfg = Release|Any CPU
		{5E63776B-4098-4AAC-B082-6AC8720A7ACF}.Release|Any CPU.Build.0 = Release|Any CPU
		{5E63776B-4098-4AAC-B082-6AC8720A7ACF}.Release|x86.ActiveCfg = Release|Any CPU
		{5E63776B-4098-4AAC-B082-6AC8720A7ACF}.Release|x86.Build.0 = Release|Any CPU
		{5B09D534-2D22-40E8-A09F-7DEDFFD3E296}.Debug|Any CPU.ActiveCfg = Debug|Any CPU
		{5B09D534-2D22-40E8-A09F-7DEDFFD3E296}.Debug|Any CPU.Build.0 = Debug|Any CPU
		{5B09D534-2D22-40E8-A09F-7DEDFFD3E296}.Debug|x86.ActiveCfg = Debug|Any CPU
		{5B09D534-2D22-40E8-A09F-7DEDFFD3E296}.Debug|x86.Build.0 = Debug|Any CPU
		{5B09D534-2D22-40E8-A09F-7DEDFFD3E296}.Release|Any CPU.ActiveCfg = Release|Any CPU
		{5B09D534-2D22-40E8-A09F-7DEDFFD3E296}.Release|Any CPU.Build.0 = Release|Any CPU
		{5B09D534-2D22-40E8-A09F-7DEDFFD3E296}.Release|x86.ActiveCfg = Release|Any CPU
		{5B09D534-2D22-40E8-A09F-7DEDFFD3E296}.Release|x86.Build.0 = Release|Any CPU
		{9B6F1FEE-B454-467E-A5E1-DCFBF9BC7119}.Debug|Any CPU.ActiveCfg = Debug|Any CPU
		{9B6F1FEE-B454-467E-A5E1-DCFBF9BC7119}.Debug|Any CPU.Build.0 = Debug|Any CPU
		{9B6F1FEE-B454-467E-A5E1-DCFBF9BC7119}.Debug|x86.ActiveCfg = Debug|Any CPU
		{9B6F1FEE-B454-467E-A5E1-DCFBF9BC7119}.Debug|x86.Build.0 = Debug|Any CPU
		{9B6F1FEE-B454-467E-A5E1-DCFBF9BC7119}.Release|Any CPU.ActiveCfg = Release|Any CPU
		{9B6F1FEE-B454-467E-A5E1-DCFBF9BC7119}.Release|Any CPU.Build.0 = Release|Any CPU
		{9B6F1FEE-B454-467E-A5E1-DCFBF9BC7119}.Release|x86.ActiveCfg = Release|Any CPU
		{9B6F1FEE-B454-467E-A5E1-DCFBF9BC7119}.Release|x86.Build.0 = Release|Any CPU
		{BEF03D31-D549-4E5C-8BFD-A708F6C12F20}.Debug|Any CPU.ActiveCfg = Debug|Any CPU
		{BEF03D31-D549-4E5C-8BFD-A708F6C12F20}.Debug|Any CPU.Build.0 = Debug|Any CPU
		{BEF03D31-D549-4E5C-8BFD-A708F6C12F20}.Debug|x86.ActiveCfg = Debug|Any CPU
		{BEF03D31-D549-4E5C-8BFD-A708F6C12F20}.Debug|x86.Build.0 = Debug|Any CPU
		{BEF03D31-D549-4E5C-8BFD-A708F6C12F20}.Release|Any CPU.ActiveCfg = Release|Any CPU
		{BEF03D31-D549-4E5C-8BFD-A708F6C12F20}.Release|Any CPU.Build.0 = Release|Any CPU
		{BEF03D31-D549-4E5C-8BFD-A708F6C12F20}.Release|x86.ActiveCfg = Release|Any CPU
		{BEF03D31-D549-4E5C-8BFD-A708F6C12F20}.Release|x86.Build.0 = Release|Any CPU
		{C8578B28-9434-4BAF-AF5C-B390599CCF81}.Debug|Any CPU.ActiveCfg = Debug|Any CPU
		{C8578B28-9434-4BAF-AF5C-B390599CCF81}.Debug|Any CPU.Build.0 = Debug|Any CPU
		{C8578B28-9434-4BAF-AF5C-B390599CCF81}.Debug|x86.ActiveCfg = Debug|Any CPU
		{C8578B28-9434-4BAF-AF5C-B390599CCF81}.Debug|x86.Build.0 = Debug|Any CPU
		{C8578B28-9434-4BAF-AF5C-B390599CCF81}.Release|Any CPU.ActiveCfg = Release|Any CPU
		{C8578B28-9434-4BAF-AF5C-B390599CCF81}.Release|Any CPU.Build.0 = Release|Any CPU
		{C8578B28-9434-4BAF-AF5C-B390599CCF81}.Release|x86.ActiveCfg = Release|Any CPU
		{C8578B28-9434-4BAF-AF5C-B390599CCF81}.Release|x86.Build.0 = Release|Any CPU
		{2B5E8178-9F6C-4ED2-A9A9-DE1D56A6DEE4}.Debug|Any CPU.ActiveCfg = Debug|Any CPU
		{2B5E8178-9F6C-4ED2-A9A9-DE1D56A6DEE4}.Debug|Any CPU.Build.0 = Debug|Any CPU
		{2B5E8178-9F6C-4ED2-A9A9-DE1D56A6DEE4}.Debug|x86.ActiveCfg = Debug|Any CPU
		{2B5E8178-9F6C-4ED2-A9A9-DE1D56A6DEE4}.Debug|x86.Build.0 = Debug|Any CPU
		{2B5E8178-9F6C-4ED2-A9A9-DE1D56A6DEE4}.Release|Any CPU.ActiveCfg = Release|Any CPU
		{2B5E8178-9F6C-4ED2-A9A9-DE1D56A6DEE4}.Release|Any CPU.Build.0 = Release|Any CPU
		{2B5E8178-9F6C-4ED2-A9A9-DE1D56A6DEE4}.Release|x86.ActiveCfg = Release|Any CPU
		{2B5E8178-9F6C-4ED2-A9A9-DE1D56A6DEE4}.Release|x86.Build.0 = Release|Any CPU
		{1A9B2811-5D4D-4574-A46E-23C3017E9BEE}.Debug|Any CPU.ActiveCfg = Debug|Any CPU
		{1A9B2811-5D4D-4574-A46E-23C3017E9BEE}.Debug|Any CPU.Build.0 = Debug|Any CPU
		{1A9B2811-5D4D-4574-A46E-23C3017E9BEE}.Debug|x86.ActiveCfg = Debug|Any CPU
		{1A9B2811-5D4D-4574-A46E-23C3017E9BEE}.Debug|x86.Build.0 = Debug|Any CPU
		{1A9B2811-5D4D-4574-A46E-23C3017E9BEE}.Release|Any CPU.ActiveCfg = Release|Any CPU
		{1A9B2811-5D4D-4574-A46E-23C3017E9BEE}.Release|Any CPU.Build.0 = Release|Any CPU
		{1A9B2811-5D4D-4574-A46E-23C3017E9BEE}.Release|x86.ActiveCfg = Release|Any CPU
		{1A9B2811-5D4D-4574-A46E-23C3017E9BEE}.Release|x86.Build.0 = Release|Any CPU
		{F20F25AF-964C-4A79-9534-3E99AB87852B}.Debug|Any CPU.ActiveCfg = Debug|Any CPU
		{F20F25AF-964C-4A79-9534-3E99AB87852B}.Debug|Any CPU.Build.0 = Debug|Any CPU
		{F20F25AF-964C-4A79-9534-3E99AB87852B}.Debug|x86.ActiveCfg = Debug|Any CPU
		{F20F25AF-964C-4A79-9534-3E99AB87852B}.Debug|x86.Build.0 = Debug|Any CPU
		{F20F25AF-964C-4A79-9534-3E99AB87852B}.Release|Any CPU.ActiveCfg = Release|Any CPU
		{F20F25AF-964C-4A79-9534-3E99AB87852B}.Release|Any CPU.Build.0 = Release|Any CPU
		{F20F25AF-964C-4A79-9534-3E99AB87852B}.Release|x86.ActiveCfg = Release|Any CPU
		{F20F25AF-964C-4A79-9534-3E99AB87852B}.Release|x86.Build.0 = Release|Any CPU
		{1090BFCE-9E0A-426A-8BD3-5BF561B94317}.Debug|Any CPU.ActiveCfg = Debug|Any CPU
		{1090BFCE-9E0A-426A-8BD3-5BF561B94317}.Debug|Any CPU.Build.0 = Debug|Any CPU
		{1090BFCE-9E0A-426A-8BD3-5BF561B94317}.Debug|x86.ActiveCfg = Debug|Any CPU
		{1090BFCE-9E0A-426A-8BD3-5BF561B94317}.Debug|x86.Build.0 = Debug|Any CPU
		{1090BFCE-9E0A-426A-8BD3-5BF561B94317}.Release|Any CPU.ActiveCfg = Release|Any CPU
		{1090BFCE-9E0A-426A-8BD3-5BF561B94317}.Release|Any CPU.Build.0 = Release|Any CPU
		{1090BFCE-9E0A-426A-8BD3-5BF561B94317}.Release|x86.ActiveCfg = Release|Any CPU
		{1090BFCE-9E0A-426A-8BD3-5BF561B94317}.Release|x86.Build.0 = Release|Any CPU
		{F7F00435-8DA1-4289-A365-8A95166C8BDE}.Debug|Any CPU.ActiveCfg = Debug|Any CPU
		{F7F00435-8DA1-4289-A365-8A95166C8BDE}.Debug|Any CPU.Build.0 = Debug|Any CPU
		{F7F00435-8DA1-4289-A365-8A95166C8BDE}.Debug|x86.ActiveCfg = Debug|Any CPU
		{F7F00435-8DA1-4289-A365-8A95166C8BDE}.Debug|x86.Build.0 = Debug|Any CPU
		{F7F00435-8DA1-4289-A365-8A95166C8BDE}.Release|Any CPU.ActiveCfg = Release|Any CPU
		{F7F00435-8DA1-4289-A365-8A95166C8BDE}.Release|Any CPU.Build.0 = Release|Any CPU
		{F7F00435-8DA1-4289-A365-8A95166C8BDE}.Release|x86.ActiveCfg = Release|Any CPU
		{F7F00435-8DA1-4289-A365-8A95166C8BDE}.Release|x86.Build.0 = Release|Any CPU
		{652885D6-32EB-48EC-A35D-C435115B9BAE}.Debug|Any CPU.ActiveCfg = Debug|Any CPU
		{652885D6-32EB-48EC-A35D-C435115B9BAE}.Debug|Any CPU.Build.0 = Debug|Any CPU
		{652885D6-32EB-48EC-A35D-C435115B9BAE}.Debug|x86.ActiveCfg = Debug|Any CPU
		{652885D6-32EB-48EC-A35D-C435115B9BAE}.Debug|x86.Build.0 = Debug|Any CPU
		{652885D6-32EB-48EC-A35D-C435115B9BAE}.Release|Any CPU.ActiveCfg = Release|Any CPU
		{652885D6-32EB-48EC-A35D-C435115B9BAE}.Release|Any CPU.Build.0 = Release|Any CPU
		{652885D6-32EB-48EC-A35D-C435115B9BAE}.Release|x86.ActiveCfg = Release|Any CPU
		{652885D6-32EB-48EC-A35D-C435115B9BAE}.Release|x86.Build.0 = Release|Any CPU
		{61E9FC82-47B0-43C3-8749-95D3A9967060}.Debug|Any CPU.ActiveCfg = Debug|Any CPU
		{61E9FC82-47B0-43C3-8749-95D3A9967060}.Debug|Any CPU.Build.0 = Debug|Any CPU
		{61E9FC82-47B0-43C3-8749-95D3A9967060}.Debug|x86.ActiveCfg = Debug|Any CPU
		{61E9FC82-47B0-43C3-8749-95D3A9967060}.Debug|x86.Build.0 = Debug|Any CPU
		{61E9FC82-47B0-43C3-8749-95D3A9967060}.Release|Any CPU.ActiveCfg = Release|Any CPU
		{61E9FC82-47B0-43C3-8749-95D3A9967060}.Release|Any CPU.Build.0 = Release|Any CPU
		{61E9FC82-47B0-43C3-8749-95D3A9967060}.Release|x86.ActiveCfg = Release|Any CPU
		{61E9FC82-47B0-43C3-8749-95D3A9967060}.Release|x86.Build.0 = Release|Any CPU
		{357F6FB7-9913-4C60-AFAA-602149DC2239}.Debug|Any CPU.ActiveCfg = Debug|Any CPU
		{357F6FB7-9913-4C60-AFAA-602149DC2239}.Debug|Any CPU.Build.0 = Debug|Any CPU
		{357F6FB7-9913-4C60-AFAA-602149DC2239}.Debug|x86.ActiveCfg = Debug|Any CPU
		{357F6FB7-9913-4C60-AFAA-602149DC2239}.Debug|x86.Build.0 = Debug|Any CPU
		{357F6FB7-9913-4C60-AFAA-602149DC2239}.Release|Any CPU.ActiveCfg = Release|Any CPU
		{357F6FB7-9913-4C60-AFAA-602149DC2239}.Release|Any CPU.Build.0 = Release|Any CPU
		{357F6FB7-9913-4C60-AFAA-602149DC2239}.Release|x86.ActiveCfg = Release|Any CPU
		{357F6FB7-9913-4C60-AFAA-602149DC2239}.Release|x86.Build.0 = Release|Any CPU
		{D0360FB9-421F-43C9-ABC7-A2E39140419E}.Debug|Any CPU.ActiveCfg = Debug|Any CPU
		{D0360FB9-421F-43C9-ABC7-A2E39140419E}.Debug|Any CPU.Build.0 = Debug|Any CPU
		{D0360FB9-421F-43C9-ABC7-A2E39140419E}.Debug|x86.ActiveCfg = Debug|Any CPU
		{D0360FB9-421F-43C9-ABC7-A2E39140419E}.Debug|x86.Build.0 = Debug|Any CPU
		{D0360FB9-421F-43C9-ABC7-A2E39140419E}.Release|Any CPU.ActiveCfg = Release|Any CPU
		{D0360FB9-421F-43C9-ABC7-A2E39140419E}.Release|Any CPU.Build.0 = Release|Any CPU
		{D0360FB9-421F-43C9-ABC7-A2E39140419E}.Release|x86.ActiveCfg = Release|Any CPU
		{D0360FB9-421F-43C9-ABC7-A2E39140419E}.Release|x86.Build.0 = Release|Any CPU
		{B9106923-859B-4CE0-A5DC-ABFCDF7EADC5}.Debug|Any CPU.ActiveCfg = Debug|Any CPU
		{B9106923-859B-4CE0-A5DC-ABFCDF7EADC5}.Debug|Any CPU.Build.0 = Debug|Any CPU
		{B9106923-859B-4CE0-A5DC-ABFCDF7EADC5}.Debug|x86.ActiveCfg = Debug|Any CPU
		{B9106923-859B-4CE0-A5DC-ABFCDF7EADC5}.Debug|x86.Build.0 = Debug|Any CPU
		{B9106923-859B-4CE0-A5DC-ABFCDF7EADC5}.Release|Any CPU.ActiveCfg = Release|Any CPU
		{B9106923-859B-4CE0-A5DC-ABFCDF7EADC5}.Release|Any CPU.Build.0 = Release|Any CPU
		{B9106923-859B-4CE0-A5DC-ABFCDF7EADC5}.Release|x86.ActiveCfg = Release|Any CPU
		{B9106923-859B-4CE0-A5DC-ABFCDF7EADC5}.Release|x86.Build.0 = Release|Any CPU
		{147DFAD4-C578-4281-941D-DFA7851365CE}.Debug|Any CPU.ActiveCfg = Debug|Any CPU
		{147DFAD4-C578-4281-941D-DFA7851365CE}.Debug|Any CPU.Build.0 = Debug|Any CPU
		{147DFAD4-C578-4281-941D-DFA7851365CE}.Debug|x86.ActiveCfg = Debug|Any CPU
		{147DFAD4-C578-4281-941D-DFA7851365CE}.Debug|x86.Build.0 = Debug|Any CPU
		{147DFAD4-C578-4281-941D-DFA7851365CE}.Release|Any CPU.ActiveCfg = Release|Any CPU
		{147DFAD4-C578-4281-941D-DFA7851365CE}.Release|Any CPU.Build.0 = Release|Any CPU
		{147DFAD4-C578-4281-941D-DFA7851365CE}.Release|x86.ActiveCfg = Release|Any CPU
		{147DFAD4-C578-4281-941D-DFA7851365CE}.Release|x86.Build.0 = Release|Any CPU
		{169CF5F0-0DF4-4233-B655-FAFBCFF38930}.Debug|Any CPU.ActiveCfg = Debug|Any CPU
		{169CF5F0-0DF4-4233-B655-FAFBCFF38930}.Debug|Any CPU.Build.0 = Debug|Any CPU
		{169CF5F0-0DF4-4233-B655-FAFBCFF38930}.Debug|x86.ActiveCfg = Debug|Any CPU
		{169CF5F0-0DF4-4233-B655-FAFBCFF38930}.Debug|x86.Build.0 = Debug|Any CPU
		{169CF5F0-0DF4-4233-B655-FAFBCFF38930}.Release|Any CPU.ActiveCfg = Release|Any CPU
		{169CF5F0-0DF4-4233-B655-FAFBCFF38930}.Release|Any CPU.Build.0 = Release|Any CPU
		{169CF5F0-0DF4-4233-B655-FAFBCFF38930}.Release|x86.ActiveCfg = Release|Any CPU
		{169CF5F0-0DF4-4233-B655-FAFBCFF38930}.Release|x86.Build.0 = Release|Any CPU
		{188F9533-3661-4E87-B199-71622A9F8D0B}.Debug|Any CPU.ActiveCfg = Debug|Any CPU
		{188F9533-3661-4E87-B199-71622A9F8D0B}.Debug|Any CPU.Build.0 = Debug|Any CPU
		{188F9533-3661-4E87-B199-71622A9F8D0B}.Debug|x86.ActiveCfg = Debug|Any CPU
		{188F9533-3661-4E87-B199-71622A9F8D0B}.Debug|x86.Build.0 = Debug|Any CPU
		{188F9533-3661-4E87-B199-71622A9F8D0B}.Release|Any CPU.ActiveCfg = Release|Any CPU
		{188F9533-3661-4E87-B199-71622A9F8D0B}.Release|Any CPU.Build.0 = Release|Any CPU
		{188F9533-3661-4E87-B199-71622A9F8D0B}.Release|x86.ActiveCfg = Release|Any CPU
		{188F9533-3661-4E87-B199-71622A9F8D0B}.Release|x86.Build.0 = Release|Any CPU
	EndGlobalSection
	GlobalSection(SolutionProperties) = preSolution
		HideSolutionNode = FALSE
	EndGlobalSection
	GlobalSection(NestedProjects) = preSolution
		{9004CCCC-5C91-41A9-B5F1-E6E176F40C73} = {A5FFFDE7-20D1-43D6-AF00-086A9FE2103D}
		{5E63776B-4098-4AAC-B082-6AC8720A7ACF} = {11F9DDFF-7D04-428A-BB1D-E3950180120E}
		{5B09D534-2D22-40E8-A09F-7DEDFFD3E296} = {88B7CE56-8A51-475D-AAA2-3FAE8763E8C0}
		{9B6F1FEE-B454-467E-A5E1-DCFBF9BC7119} = {88B7CE56-8A51-475D-AAA2-3FAE8763E8C0}
		{BEF03D31-D549-4E5C-8BFD-A708F6C12F20} = {88B7CE56-8A51-475D-AAA2-3FAE8763E8C0}
		{C8578B28-9434-4BAF-AF5C-B390599CCF81} = {ADBDF795-4736-4D75-A45E-75F1FF7A421E}
		{2B5E8178-9F6C-4ED2-A9A9-DE1D56A6DEE4} = {BCC60AEF-BB05-48D8-8EC0-18CEDD61B14F}
		{1A9B2811-5D4D-4574-A46E-23C3017E9BEE} = {BCC60AEF-BB05-48D8-8EC0-18CEDD61B14F}
		{F20F25AF-964C-4A79-9534-3E99AB87852B} = {BCC60AEF-BB05-48D8-8EC0-18CEDD61B14F}
		{1090BFCE-9E0A-426A-8BD3-5BF561B94317} = {BCC60AEF-BB05-48D8-8EC0-18CEDD61B14F}
		{F7F00435-8DA1-4289-A365-8A95166C8BDE} = {BCC60AEF-BB05-48D8-8EC0-18CEDD61B14F}
		{652885D6-32EB-48EC-A35D-C435115B9BAE} = {BCC60AEF-BB05-48D8-8EC0-18CEDD61B14F}
		{61E9FC82-47B0-43C3-8749-95D3A9967060} = {F2E62D5D-D113-462D-9D20-4BAB4C6A7E37}
		{357F6FB7-9913-4C60-AFAA-602149DC2239} = {E1F88079-27FB-4748-8A48-631B867C006C}
		{D0360FB9-421F-43C9-ABC7-A2E39140419E} = {E1F88079-27FB-4748-8A48-631B867C006C}
		{B9106923-859B-4CE0-A5DC-ABFCDF7EADC5} = {11F9DDFF-7D04-428A-BB1D-E3950180120E}
		{147DFAD4-C578-4281-941D-DFA7851365CE} = {EA5BBB10-42D6-4DD6-9BBF-32FC7F250783}
		{169CF5F0-0DF4-4233-B655-FAFBCFF38930} = {BCC60AEF-BB05-48D8-8EC0-18CEDD61B14F}
		{188F9533-3661-4E87-B199-71622A9F8D0B} = {F2E62D5D-D113-462D-9D20-4BAB4C6A7E37}
		{A5FFFDE7-20D1-43D6-AF00-086A9FE2103D} = {54D3B153-5FF2-4F13-975C-5A933FF471DE}
		{F2E62D5D-D113-462D-9D20-4BAB4C6A7E37} = {54D3B153-5FF2-4F13-975C-5A933FF471DE}
		{11F9DDFF-7D04-428A-BB1D-E3950180120E} = {54D3B153-5FF2-4F13-975C-5A933FF471DE}
		{E1F88079-27FB-4748-8A48-631B867C006C} = {54D3B153-5FF2-4F13-975C-5A933FF471DE}
		{88B7CE56-8A51-475D-AAA2-3FAE8763E8C0} = {54D3B153-5FF2-4F13-975C-5A933FF471DE}
		{ADBDF795-4736-4D75-A45E-75F1FF7A421E} = {88B7CE56-8A51-475D-AAA2-3FAE8763E8C0}
		{EA5BBB10-42D6-4DD6-9BBF-32FC7F250783} = {54D3B153-5FF2-4F13-975C-5A933FF471DE}
	EndGlobalSection
EndGlobal
